{
  "name": "filter-app",
  "version": "0.1.0",
  "lockfileVersion": 1,
  "requires": true,
  "dependencies": {
    "@types/history": {
      "version": "4.6.2",
      "resolved": "https://registry.npmjs.org/@types/history/-/history-4.6.2.tgz",
      "integrity": "sha512-eVAb52MJ4lfPLiO9VvTgv8KaZDEIqCwhv+lXOMLlt4C1YHTShgmMULEg0RrCbnqfYd6QKfHsMp0MiX0vWISpSw=="
    },
    "@types/react": {
      "version": "16.4.6",
      "resolved": "https://registry.npmjs.org/@types/react/-/react-16.4.6.tgz",
      "integrity": "sha512-9LDZdhsuKSc+DjY65SjBkA958oBWcTWSVWAd2cD9XqKBjhGw1KzAkRhWRw2eIsXvaIE/TOTjjKMFVC+JA1iU4g==",
      "requires": {
        "csstype": "2.5.5"
      }
    },
    "@types/react-router": {
      "version": "4.0.28",
      "resolved": "https://registry.npmjs.org/@types/react-router/-/react-router-4.0.28.tgz",
      "integrity": "sha512-h+AmzCSb9dlJZev4txupL6c8RXg3H9VSnvsQCn7M3VND+mVjBmV+xk1din/GG5Nc6C8TGnh9BDfjcomCU0IVyw==",
      "requires": {
        "@types/history": "4.6.2",
        "@types/react": "16.4.6"
      }
    },
    "@types/react-router-dom": {
      "version": "4.2.7",
      "resolved": "https://registry.npmjs.org/@types/react-router-dom/-/react-router-dom-4.2.7.tgz",
      "integrity": "sha512-6sIP3dIj6xquvcAuYDaxpbeLjr9954OuhCXnniMhnDgykAw2tVji9b0jKHofPJGUoHEMBsWzO83tjnk7vfzozA==",
      "requires": {
        "@types/history": "4.6.2",
        "@types/react": "16.4.6",
        "@types/react-router": "4.0.28"
      }
    },
    "csstype": {
      "version": "2.5.5",
      "resolved": "https://registry.npmjs.org/csstype/-/csstype-2.5.5.tgz",
      "integrity": "sha512-EGMjeoiN3aqEX5u/cyH5mSdGBDGdLcCQvcEcBWNGFSPXKd9uOTIeVG91YQ22OxI44DKpvI+4C7VUSmEpsHWJaA=="
    }
  }
}
